
Microsoft Visual Studio Solution File, Format Version 12.00
# Visual Studio 15
VisualStudioVersion = 15.0.27004.2006
MinimumVisualStudioVersion = 10.0.40219.1
Project("{D954291E-2A0B-460D-934E-DC6B0785DB48}") = "XamarinEffectsArticle", "XamarinEffectsArticle\XamarinEffectsArticle\XamarinEffectsArticle.shproj", "{F8CD499D-1AC1-4AD7-9078-3AB7B4CCD82F}"
EndProject
Project("{FAE04EC0-301F-11D3-BF4B-00C04F79EFBC}") = "XamarinEffectsArticle.iOS", "XamarinEffectsArticle\XamarinEffectsArticle.iOS\XamarinEffectsArticle.iOS.csproj", "{21EE6674-F798-4BD9-BF82-244DD559DBF0}"
EndProject
Global
	GlobalSection(SharedMSBuildProjectFiles) = preSolution
		XamarinEffectsArticle\XamarinEffectsArticle\XamarinEffectsArticle.projitems*{21ee6674-f798-4bd9-bf82-244dd559dbf0}*SharedItemsImports = 4
		XamarinEffectsArticle\XamarinEffectsArticle\XamarinEffectsArticle.projitems*{f8cd499d-1ac1-4ad7-9078-3ab7b4ccd82f}*SharedItemsImports = 13
	EndGlobalSection
	GlobalSection(SolutionConfigurationPlatforms) = preSolution
		Ad-Hoc|Any CPU = Ad-Hoc|Any CPU
		Ad-Hoc|ARM = Ad-Hoc|ARM
		Ad-Hoc|iPhone = Ad-Hoc|iPhone
		Ad-Hoc|iPhoneSimulator = Ad-Hoc|iPhoneSimulator
		Ad-Hoc|x64 = Ad-Hoc|x64
		Ad-Hoc|x86 = Ad-Hoc|x86
		AppStore|Any CPU = AppStore|Any CPU
		AppStore|ARM = AppStore|ARM
		AppStore|iPhone = AppStore|iPhone
		AppStore|iPhoneSimulator = AppStore|iPhoneSimulator
		AppStore|x64 = AppStore|x64
		AppStore|x86 = AppStore|x86
		Debug|Any CPU = Debug|Any CPU
		Debug|ARM = Debug|ARM
		Debug|iPhone = Debug|iPhone
		Debug|iPhoneSimulator = Debug|iPhoneSimulator
		Debug|x64 = Debug|x64
		Debug|x86 = Debug|x86
		Release|Any CPU = Release|Any CPU
		Release|ARM = Release|ARM
		Release|iPhone = Release|iPhone
		Release|iPhoneSimulator = Release|iPhoneSimulator
		Release|x64 = Release|x64
		Release|x86 = Release|x86
	EndGlobalSection
	GlobalSection(ProjectConfigurationPlatforms) = postSolution
		{21EE6674-F798-4BD9-BF82-244DD559DBF0}.Ad-Hoc|Any CPU.ActiveCfg = Ad-Hoc|iPhoneSimulator
		{21EE6674-F798-4BD9-BF82-244DD559DBF0}.Ad-Hoc|ARM.ActiveCfg = Ad-Hoc|iPhone
		{21EE6674-F798-4BD9-BF82-244DD559DBF0}.Ad-Hoc|iPhone.ActiveCfg = Ad-Hoc|iPhone
		{21EE6674-F798-4BD9-BF82-244DD559DBF0}.Ad-Hoc|iPhone.Build.0 = Ad-Hoc|iPhone
		{21EE6674-F798-4BD9-BF82-244DD559DBF0}.Ad-Hoc|iPhoneSimulator.ActiveCfg = Ad-Hoc|iPhoneSimulator
		{21EE6674-F798-4BD9-BF82-244DD559DBF0}.Ad-Hoc|iPhoneSimulator.Build.0 = Ad-Hoc|iPhoneSimulator
		{21EE6674-F798-4BD9-BF82-244DD559DBF0}.Ad-Hoc|x64.ActiveCfg = Ad-Hoc|iPhone
		{21EE6674-F798-4BD9-BF82-244DD559DBF0}.Ad-Hoc|x86.ActiveCfg = Ad-Hoc|iPhone
		{21EE6674-F798-4BD9-BF82-244DD559DBF0}.AppStore|Any CPU.ActiveCfg = AppStore|iPhoneSimulator
		{21EE6674-F798-4BD9-BF82-244DD559DBF0}.AppStore|ARM.ActiveCfg = AppStore|iPhone
		{21EE6674-F798-4BD9-BF82-244DD559DBF0}.AppStore|iPhone.ActiveCfg = AppStore|iPhone
		{21EE6674-F798-4BD9-BF82-244DD559DBF0}.AppStore|iPhone.Build.0 = AppStore|iPhone
		{21EE6674-F798-4BD9-BF82-244DD559DBF0}.AppStore|iPhoneSimulator.ActiveCfg = AppStore|iPhoneSimulator
		{21EE6674-F798-4BD9-BF82-244DD559DBF0}.AppStore|iPhoneSimulator.Build.0 = AppStore|iPhoneSimulator
		{21EE6674-F798-4BD9-BF82-244DD559DBF0}.AppStore|x64.ActiveCfg = AppStore|iPhone
		{21EE6674-F798-4BD9-BF82-244DD559DBF0}.AppStore|x86.ActiveCfg = AppStore|iPhone
		{21EE6674-F798-4BD9-BF82-244DD559DBF0}.Debug|Any CPU.ActiveCfg = Debug|iPhoneSimulator
		{21EE6674-F798-4BD9-BF82-244DD559DBF0}.Debug|ARM.ActiveCfg = Debug|iPhone
		{21EE6674-F798-4BD9-BF82-244DD559DBF0}.Debug|iPhone.ActiveCfg = Debug|iPhone
		{21EE6674-F798-4BD9-BF82-244DD559DBF0}.Debug|iPhone.Build.0 = Debug|iPhone
		{21EE6674-F798-4BD9-BF82-244DD559DBF0}.Debug|iPhoneSimulator.ActiveCfg = Debug|iPhoneSimulator
		{21EE6674-F798-4BD9-BF82-244DD559DBF0}.Debug|iPhoneSimulator.Build.0 = Debug|iPhoneSimulator
		{21EE6674-F798-4BD9-BF82-244DD559DBF0}.Debug|x64.ActiveCfg = Debug|iPhone
		{21EE6674-F798-4BD9-BF82-244DD559DBF0}.Debug|x86.ActiveCfg = Debug|iPhone
		{21EE6674-F798-4BD9-BF82-244DD559DBF0}.Release|Any CPU.ActiveCfg = Release|iPhoneSimulator
		{21EE6674-F798-4BD9-BF82-244DD559DBF0}.Release|ARM.ActiveCfg = Release|iPhone
		{21EE6674-F798-4BD9-BF82-244DD559DBF0}.Release|iPhone.ActiveCfg = Release|iPhone
		{21EE6674-F798-4BD9-BF82-244DD559DBF0}.Release|iPhone.Build.0 = Release|iPhone
		{21EE6674-F798-4BD9-BF82-244DD559DBF0}.Release|iPhoneSimulator.ActiveCfg = Release|iPhoneSimulator
		{21EE6674-F798-4BD9-BF82-244DD559DBF0}.Release|iPhoneSimulator.Build.0 = Release|iPhoneSimulator
		{21EE6674-F798-4BD9-BF82-244DD559DBF0}.Release|x64.ActiveCfg = Release|iPhone
		{21EE6674-F798-4BD9-BF82-244DD559DBF0}.Release|x86.ActiveCfg = Release|iPhone
	EndGlobalSection
	GlobalSection(SolutionProperties) = preSolution
		HideSolutionNode = FALSE
	EndGlobalSection
	GlobalSection(ExtensibilityGlobals) = postSolution
		SolutionGuid = {B0778CC7-FA75-482A-84F8-352AE326ED6C}
	EndGlobalSection
EndGlobal
